
Microsoft Visual Studio Solution File, Format Version 12.00
# Visual Studio Version 17
VisualStudioVersion = 17.4.33122.133
MinimumVisualStudioVersion = 10.0.40219.1
Project("{FAE04EC0-301F-11D3-BF4B-00C04F79EFBC}") = "EFWithCodeFirstWinForm", "EFWithCodeFirstWinForm\EFWithCodeFirstWinForm.csproj", "{9EAC42F5-2271-4206-88ED-5F18592FC495}"
EndProject
Global
	GlobalSection(SolutionConfigurationPlatforms) = preSolution
		Debug|Any CPU = Debug|Any CPU
		Release|Any CPU = Release|Any CPU
	EndGlobalSection
	GlobalSection(ProjectConfigurationPlatforms) = postSolution
		{9EAC42F5-2271-4206-88ED-5F18592FC495}.Debug|Any CPU.ActiveCfg = Debug|Any CPU
		{9EAC42F5-2271-4206-88ED-5F18592FC495}.Debug|Any CPU.Build.0 = Debug|Any CPU
		{9EAC42F5-2271-4206-88ED-5F18592FC495}.Release|Any CPU.ActiveCfg = Release|Any CPU
		{9EAC42F5-2271-4206-88ED-5F18592FC495}.Release|Any CPU.Build.0 = Release|Any CPU
	EndGlobalSection
	GlobalSection(SolutionProperties) = preSolution
		HideSolutionNode = FALSE
	EndGlobalSection
	GlobalSection(ExtensibilityGlobals) = postSolution
		SolutionGuid = {04CE9096-83A1-435C-8F22-795E398C5BD9}
	EndGlobalSection
EndGlobal
